
Microsoft Visual Studio Solution File, Format Version 12.00
# Visual Studio Version 17
VisualStudioVersion = 17.0.32112.339
MinimumVisualStudioVersion = 10.0.40219.1
Project("{FAE04EC0-301F-11D3-BF4B-00C04F79EFBC}") = "squareChaser", "squareChaser\squareChaser.csproj", "{154CA627-3A83-46FE-899F-940589472159}"
EndProject
Global
	GlobalSection(SolutionConfigurationPlatforms) = preSolution
		Debug|Any CPU = Debug|Any CPU
		Release|Any CPU = Release|Any CPU
	EndGlobalSection
	GlobalSection(ProjectConfigurationPlatforms) = postSolution
		{154CA627-3A83-46FE-899F-940589472159}.Debug|Any CPU.ActiveCfg = Debug|Any CPU
		{154CA627-3A83-46FE-899F-940589472159}.Debug|Any CPU.Build.0 = Debug|Any CPU
		{154CA627-3A83-46FE-899F-940589472159}.Release|Any CPU.ActiveCfg = Release|Any CPU
		{154CA627-3A83-46FE-899F-940589472159}.Release|Any CPU.Build.0 = Release|Any CPU
	EndGlobalSection
	GlobalSection(SolutionProperties) = preSolution
		HideSolutionNode = FALSE
	EndGlobalSection
	GlobalSection(ExtensibilityGlobals) = postSolution
		SolutionGuid = {A52A8858-5D61-4026-B888-755EC9D7C853}
	EndGlobalSection
EndGlobal
